{"1.2.0",
[{<<"accept">>,{pkg,<<"accept">>,<<"0.3.7">>},2},
 {<<"cowboy">>,
  {git,"https://github.com/ninenines/cowboy.git",
       {ref,"f232a589a99b6f8d275974e510252bc9c988a711"}},
  0},
 {<<"cowlib">>,{pkg,<<"cowlib">>,<<"2.16.0">>},1},
 {<<"esqlite">>,{pkg,<<"esqlite">>,<<"0.4.1">>},0},
 {<<"goldrush">>,{pkg,<<"goldrush">>,<<"0.1.9">>},1},
 {<<"gun">>,{pkg,<<"gun">>,<<"2.1.0">>},0},
 {<<"lager">>,{pkg,<<"lager">>,<<"3.9.2">>},0},
 {<<"prometheus">>,{pkg,<<"prometheus">>,<<"4.11.0">>},0},
 {<<"prometheus_cowboy">>,{pkg,<<"prometheus_cowboy">>,<<"0.1.8">>},0},
 {<<"prometheus_httpd">>,{pkg,<<"prometheus_httpd">>,<<"2.1.15">>},1},
 {<<"quantile_estimator">>,{pkg,<<"quantile_estimator">>,<<"0.2.1">>},1},
 {<<"quicer">>,
  {git,"https://github.com/emqx/quic.git",
       {ref,"9074ee1087e19298b659d6fd3492a9fd524cbef0"}},
  0},
 {<<"ranch">>,{pkg,<<"ranch">>,<<"2.2.0">>},1},
 {<<"snabbkaffe">>,{pkg,<<"snabbkaffe">>,<<"1.0.10">>},1},
 {<<"thoas">>,{pkg,<<"thoas">>,<<"1.2.1">>},0}]}.
[
{pkg_hash,[
 {<<"accept">>, <<"CD6E34A2D7E28CA38B2D3CB233734CA0C221EFBC1F171F91FEC5F162CC2D18DA">>},
 {<<"cowlib">>, <<"54592074EBBBB92EE4746C8A8846E5605052F29309D3A873468D76CDF932076F">>},
 {<<"esqlite">>, <<"BA5D0BAB6B9C8432FFE1BF12FEE8E154A50F1C3C40EADC3A9C870C23CA94D961">>},
 {<<"goldrush">>, <<"F06E5D5F1277DA5C413E84D5A2924174182FB108DABB39D5EC548B27424CD106">>},
 {<<"gun">>, <<"B4E4CBBF3026D21981C447E9E7CA856766046EFF693720BA43114D7F5DE36E87">>},
 {<<"lager">>, <<"4CAB289120EB24964E3886BD22323CB5FEFE4510C076992A23AD18CF85413D8C">>},
 {<<"prometheus">>, <<"B95F8DE8530F541BD95951E18E355A840003672E5EDA4788C5FA6183406BA29A">>},
 {<<"prometheus_cowboy">>, <<"CFCE0BC7B668C5096639084FCD873826E6220EA714BF60A716F5BD080EF2A99C">>},
 {<<"prometheus_httpd">>, <<"8F767D819A5D36275EAB9264AFF40D87279151646776069BF69FBDBBD562BD75">>},
 {<<"quantile_estimator">>, <<"EF50A361F11B5F26B5F16D0696E46A9E4661756492C981F7B2229EF42FF1CD15">>},
 {<<"ranch">>, <<"25528F82BC8D7C6152C57666CA99EC716510FE0925CB188172F41CE93117B1B0">>},
 {<<"snabbkaffe">>, <<"9BE2F54F61FC6862391B666B2B5B76C3FA53598E2989A17CEF1B48CF347A8A63">>},
 {<<"thoas">>, <<"19A25F31177A17E74004D4840F66D791D4298C5738790FA2CC73731EB911F195">>}]},
{pkg_hash_ext,[
 {<<"accept">>, <<"CA69388943F5DAD2E7232A5478F16086E3C872F48E32B88B378E1885A59F5649">>},
 {<<"cowlib">>, <<"7F478D80D66B747344F0EA7708C187645CFCC08B11AA424632F78E25BF05DB51">>},
 {<<"esqlite">>, <<"3584CA33172F4815CE56E96EED9835F5D8C987A9000FBC8C376C86ACEF8BF965">>},
 {<<"goldrush">>, <<"99CB4128CFFCB3227581E5D4D803D5413FA643F4EB96523F77D9E6937D994CEB">>},
 {<<"gun">>, <<"52FC7FC246BFC3B00E01AEA1C2854C70A366348574AB50C57DFE796D24A0101D">>},
 {<<"lager">>, <<"7F904D9E87A8CB7E66156ED31768D1C8E26EBA1D54F4BC85B1AA4AC1F6340C28">>},
 {<<"prometheus">>, <<"719862351AABF4DF7079B05DC085D2BBCBE3AC0AC3009E956671B1D5AB88247D">>},
 {<<"prometheus_cowboy">>, <<"BA286BECA9302618418892D37BCD5DC669A6CC001F4EB6D6AF85FF81F3F4F34C">>},
 {<<"prometheus_httpd">>, <<"67736D000745184D5013C58A63E947821AB90CB9320BC2E6AE5D3061C6FFE039">>},
 {<<"quantile_estimator">>, <<"282A8A323CA2A845C9E6F787D166348F776C1D4A41EDE63046D72D422E3DA946">>},
 {<<"ranch">>, <<"FA0B99A1780C80218A4197A59EA8D3BDAE32FBFF7E88527D7D8A4787EFF4F8E7">>},
 {<<"snabbkaffe">>, <<"70A98DF36AE756908D55B5770891D443D63C903833E3E87D544036E13D4FAC26">>},
 {<<"thoas">>, <<"E38697EDFFD6E91BD12CEA41B155115282630075C2A727E7A6B2947F5408B86A">>}]}
].
